// !$*UTF8*$!
{
	archiveVersion = 1;
	classes = {
	};
	objectVersion = 46;
	objects = {

/* Begin PBXBuildFile section */
		B008B4291D59634500E5AD14 /* main.m in Sources */ = {isa = PBXBuildFile; fileRef = B008B4281D59634500E5AD14 /* main.m */; };
		B008B42C1D59634500E5AD14 /* AppDelegate.m in Sources */ = {isa = PBXBuildFile; fileRef = B008B42B1D59634500E5AD14 /* AppDelegate.m */; };
		B008B42F1D59634500E5AD14 /* ViewController.m in Sources */ = {isa = PBXBuildFile; fileRef = B008B42E1D59634500E5AD14 /* ViewController.m */; };
		B008B4321D59634500E5AD14 /* Main.storyboard in Resources */ = {isa = PBXBuildFile; fileRef = B008B4301D59634500E5AD14 /* Main.storyboard */; };
		B008B4341D59634600E5AD14 /* Assets.xcassets in Resources */ = {isa = PBXBuildFile; fileRef = B008B4331D59634600E5AD14 /* Assets.xcassets */; };
		B008B4371D59634600E5AD14 /* LaunchScreen.storyboard in Resources */ = {isa = PBXBuildFile; fileRef = B008B4351D59634600E5AD14 /* LaunchScreen.storyboard */; };
		B008B5CE1D5963DB00E5AD14 /* WT_FileCache.m in Sources */ = {isa = PBXBuildFile; fileRef = B008B5391D5963DB00E5AD14 /* WT_FileCache.m */; };
		B008B5D01D5963DB00E5AD14 /* WT_MemoryCache.m in Sources */ = {isa = PBXBuildFile; fileRef = B008B53D1D5963DB00E5AD14 /* WT_MemoryCache.m */; };
		B008B5D21D5963DB00E5AD14 /* WT_Model+WT_Database.m in Sources */ = {isa = PBXBuildFile; fileRef = B008B5431D5963DB00E5AD14 /* WT_Model+WT_Database.m */; };
		B008B5D31D5963DB00E5AD14 /* WT_Database.m in Sources */ = {isa = PBXBuildFile; fileRef = B008B5451D5963DB00E5AD14 /* WT_Database.m */; };
		B008B5D41D5963DB00E5AD14 /* WT_DatabaseQueue.m in Sources */ = {isa = PBXBuildFile; fileRef = B008B5471D5963DB00E5AD14 /* WT_DatabaseQueue.m */; };
		B008B5D51D5963DB00E5AD14 /* NSArray+WT_Extension.m in Sources */ = {isa = PBXBuildFile; fileRef = B008B54B1D5963DB00E5AD14 /* NSArray+WT_Extension.m */; };
		B008B5D61D5963DB00E5AD14 /* NSData+WT_Extension.m in Sources */ = {isa = PBXBuildFile; fileRef = B008B54D1D5963DB00E5AD14 /* NSData+WT_Extension.m */; };
		B008B5D71D5963DB00E5AD14 /* NSDate+WT_Extension.m in Sources */ = {isa = PBXBuildFile; fileRef = B008B54F1D5963DB00E5AD14 /* NSDate+WT_Extension.m */; };
		B008B5D81D5963DB00E5AD14 /* NSDictionary+WT_Extension.m in Sources */ = {isa = PBXBuildFile; fileRef = B008B5511D5963DB00E5AD14 /* NSDictionary+WT_Extension.m */; };
		B008B5D91D5963DB00E5AD14 /* NSList+WT_Extension.m in Sources */ = {isa = PBXBuildFile; fileRef = B008B5531D5963DB00E5AD14 /* NSList+WT_Extension.m */; };
		B008B5DA1D5963DB00E5AD14 /* NSObject+WT_Extension.m in Sources */ = {isa = PBXBuildFile; fileRef = B008B5551D5963DB00E5AD14 /* NSObject+WT_Extension.m */; };
		B008B5DB1D5963DB00E5AD14 /* NSString+WT_Extension.m in Sources */ = {isa = PBXBuildFile; fileRef = B008B5571D5963DB00E5AD14 /* NSString+WT_Extension.m */; };
		B008B5DC1D5963DB00E5AD14 /* WT_ArrayList.m in Sources */ = {isa = PBXBuildFile; fileRef = B008B5591D5963DB00E5AD14 /* WT_ArrayList.m */; };
		B008B5DD1D5963DB00E5AD14 /* WT_FileSystem.m in Sources */ = {isa = PBXBuildFile; fileRef = B008B55B1D5963DB00E5AD14 /* WT_FileSystem.m */; };
		B008B5DE1D5963DB00E5AD14 /* WT_Generic.m in Sources */ = {isa = PBXBuildFile; fileRef = B008B55E1D5963DB00E5AD14 /* WT_Generic.m */; };
		B008B5DF1D5963DB00E5AD14 /* WT_Notification.m in Sources */ = {isa = PBXBuildFile; fileRef = B008B5601D5963DB00E5AD14 /* WT_Notification.m */; };
		B008B5E01D5963DB00E5AD14 /* WT_Property.m in Sources */ = {isa = PBXBuildFile; fileRef = B008B5621D5963DB00E5AD14 /* WT_Property.m */; };
		B008B5E11D5963DB00E5AD14 /* WT_Runtime.m in Sources */ = {isa = PBXBuildFile; fileRef = B008B5641D5963DB00E5AD14 /* WT_Runtime.m */; };
		B008B5E21D5963DB00E5AD14 /* WT_System.m in Sources */ = {isa = PBXBuildFile; fileRef = B008B5661D5963DB00E5AD14 /* WT_System.m */; };
		B008B5E41D5963DB00E5AD14 /* WT_Model.m in Sources */ = {isa = PBXBuildFile; fileRef = B008B56B1D5963DB00E5AD14 /* WT_Model.m */; };
		B008B5E51D5963DB00E5AD14 /* NSObject+WT_Http.m in Sources */ = {isa = PBXBuildFile; fileRef = B008B56F1D5963DB00E5AD14 /* NSObject+WT_Http.m */; };
		B008B5E61D5963DB00E5AD14 /* WT_Http.m in Sources */ = {isa = PBXBuildFile; fileRef = B008B5711D5963DB00E5AD14 /* WT_Http.m */; };
		B008B5EB1D5963DB00E5AD14 /* AFHTTPSessionManager.m in Sources */ = {isa = PBXBuildFile; fileRef = B008B57F1D5963DB00E5AD14 /* AFHTTPSessionManager.m */; };
		B008B5EC1D5963DB00E5AD14 /* AFNetworkReachabilityManager.m in Sources */ = {isa = PBXBuildFile; fileRef = B008B5821D5963DB00E5AD14 /* AFNetworkReachabilityManager.m */; };
		B008B5ED1D5963DB00E5AD14 /* AFSecurityPolicy.m in Sources */ = {isa = PBXBuildFile; fileRef = B008B5841D5963DB00E5AD14 /* AFSecurityPolicy.m */; };
		B008B5EE1D5963DB00E5AD14 /* AFURLRequestSerialization.m in Sources */ = {isa = PBXBuildFile; fileRef = B008B5861D5963DB00E5AD14 /* AFURLRequestSerialization.m */; };
		B008B5EF1D5963DB00E5AD14 /* AFURLResponseSerialization.m in Sources */ = {isa = PBXBuildFile; fileRef = B008B5881D5963DB00E5AD14 /* AFURLResponseSerialization.m */; };
		B008B5F01D5963DB00E5AD14 /* AFURLSessionManager.m in Sources */ = {isa = PBXBuildFile; fileRef = B008B58A1D5963DB00E5AD14 /* AFURLSessionManager.m */; };
		B008B5F11D5963DB00E5AD14 /* FMDatabase.m in Sources */ = {isa = PBXBuildFile; fileRef = B008B58D1D5963DB00E5AD14 /* FMDatabase.m */; };
		B008B5F21D5963DB00E5AD14 /* FMDatabaseAdditions.m in Sources */ = {isa = PBXBuildFile; fileRef = B008B58F1D5963DB00E5AD14 /* FMDatabaseAdditions.m */; };
		B008B5F31D5963DB00E5AD14 /* FMDatabasePool.m in Sources */ = {isa = PBXBuildFile; fileRef = B008B5911D5963DB00E5AD14 /* FMDatabasePool.m */; };
		B008B5F41D5963DB00E5AD14 /* FMDatabaseQueue.m in Sources */ = {isa = PBXBuildFile; fileRef = B008B5931D5963DB00E5AD14 /* FMDatabaseQueue.m */; };
		B008B5F51D5963DB00E5AD14 /* FMResultSet.m in Sources */ = {isa = PBXBuildFile; fileRef = B008B5961D5963DB00E5AD14 /* FMResultSet.m */; };
		B008B5F61D5963DB00E5AD14 /* MASCompositeConstraint.m in Sources */ = {isa = PBXBuildFile; fileRef = B008B5991D5963DB00E5AD14 /* MASCompositeConstraint.m */; };
		B008B5F71D5963DB00E5AD14 /* MASConstraint.m in Sources */ = {isa = PBXBuildFile; fileRef = B008B59C1D5963DB00E5AD14 /* MASConstraint.m */; };
		B008B5F81D5963DB00E5AD14 /* MASConstraintMaker.m in Sources */ = {isa = PBXBuildFile; fileRef = B008B59E1D5963DB00E5AD14 /* MASConstraintMaker.m */; };
		B008B5F91D5963DB00E5AD14 /* MASLayoutConstraint.m in Sources */ = {isa = PBXBuildFile; fileRef = B008B5A01D5963DB00E5AD14 /* MASLayoutConstraint.m */; };
		B008B5FA1D5963DB00E5AD14 /* MASViewAttribute.m in Sources */ = {isa = PBXBuildFile; fileRef = B008B5A41D5963DB00E5AD14 /* MASViewAttribute.m */; };
		B008B5FB1D5963DB00E5AD14 /* MASViewConstraint.m in Sources */ = {isa = PBXBuildFile; fileRef = B008B5A61D5963DB00E5AD14 /* MASViewConstraint.m */; };
		B008B5FC1D5963DB00E5AD14 /* NSArray+MASAdditions.m in Sources */ = {isa = PBXBuildFile; fileRef = B008B5A81D5963DB00E5AD14 /* NSArray+MASAdditions.m */; };
		B008B5FD1D5963DB00E5AD14 /* NSLayoutConstraint+MASDebugAdditions.m in Sources */ = {isa = PBXBuildFile; fileRef = B008B5AB1D5963DB00E5AD14 /* NSLayoutConstraint+MASDebugAdditions.m */; };
		B008B5FE1D5963DB00E5AD14 /* View+MASAdditions.m in Sources */ = {isa = PBXBuildFile; fileRef = B008B5AD1D5963DB00E5AD14 /* View+MASAdditions.m */; };
		B008B6011D5963DB00E5AD14 /* WT_UIBoard.m in Sources */ = {isa = PBXBuildFile; fileRef = B008B5B91D5963DB00E5AD14 /* WT_UIBoard.m */; };
		B008B6021D5963DB00E5AD14 /* UIButton+WT_DataBinding.m in Sources */ = {isa = PBXBuildFile; fileRef = B008B5BD1D5963DB00E5AD14 /* UIButton+WT_DataBinding.m */; };
		B008B6031D5963DB00E5AD14 /* WT_DataBinding.m in Sources */ = {isa = PBXBuildFile; fileRef = B008B5BF1D5963DB00E5AD14 /* WT_DataBinding.m */; };
		B008B6041D5963DB00E5AD14 /* UIButton+WT_Event.m in Sources */ = {isa = PBXBuildFile; fileRef = B008B5C31D5963DB00E5AD14 /* UIButton+WT_Event.m */; };
		B008B6051D5963DB00E5AD14 /* UITextField+WT_Event.m in Sources */ = {isa = PBXBuildFile; fileRef = B008B5C51D5963DB00E5AD14 /* UITextField+WT_Event.m */; };
		B008B6061D5963DB00E5AD14 /* UITextView+WT_Event.m in Sources */ = {isa = PBXBuildFile; fileRef = B008B5C71D5963DB00E5AD14 /* UITextView+WT_Event.m */; };
		B008B6071D5963DB00E5AD14 /* WT_Signal.m in Sources */ = {isa = PBXBuildFile; fileRef = B008B5CA1D5963DB00E5AD14 /* WT_Signal.m */; };
		B008B60D1D5965C100E5AD14 /* UIView+WT_Chain.m in Sources */ = {isa = PBXBuildFile; fileRef = B008B60B1D5965C100E5AD14 /* UIView+WT_Chain.m */; };
		B008B60F1D59662C00E5AD14 /* WT_Chain.m in Sources */ = {isa = PBXBuildFile; fileRef = B008B60E1D59662C00E5AD14 /* WT_Chain.m */; };
		B008B6181D596B7000E5AD14 /* NSObject+WT_UIPropertyMapping.m in Sources */ = {isa = PBXBuildFile; fileRef = B008B6141D596B7000E5AD14 /* NSObject+WT_UIPropertyMapping.m */; };
		B008B6191D596B7000E5AD14 /* UIView+WT_Extension.m in Sources */ = {isa = PBXBuildFile; fileRef = B008B6161D596B7000E5AD14 /* UIView+WT_Extension.m */; };
		B008B61E1D596BB600E5AD14 /* UIColor+WT_Extension.m in Sources */ = {isa = PBXBuildFile; fileRef = B008B61B1D596BB600E5AD14 /* UIColor+WT_Extension.m */; };
		B008B61F1D596BB600E5AD14 /* UIImage+WT_Extension.m in Sources */ = {isa = PBXBuildFile; fileRef = B008B61D1D596BB600E5AD14 /* UIImage+WT_Extension.m */; };
		B008B6211D596EA600E5AD14 /* libsqlite3.tbd in Frameworks */ = {isa = PBXBuildFile; fileRef = B008B6201D596EA600E5AD14 /* libsqlite3.tbd */; };
/* End PBXBuildFile section */

/* Begin PBXFileReference section */
		B008B4241D59634500E5AD14 /* WTFramework.app */ = {isa = PBXFileReference; explicitFileType = wrapper.application; includeInIndex = 0; path = WTFramework.app; sourceTree = BUILT_PRODUCTS_DIR; };
		B008B4281D59634500E5AD14 /* main.m */ = {isa = PBXFileReference; lastKnownFileType = sourcecode.c.objc; path = main.m; sourceTree = "<group>"; };
		B008B42A1D59634500E5AD14 /* AppDelegate.h */ = {isa = PBXFileReference; lastKnownFileType = sourcecode.c.h; path = AppDelegate.h; sourceTree = "<group>"; };
		B008B42B1D59634500E5AD14 /* AppDelegate.m */ = {isa = PBXFileReference; lastKnownFileType = sourcecode.c.objc; path = AppDelegate.m; sourceTree = "<group>"; };
		B008B42D1D59634500E5AD14 /* ViewController.h */ = {isa = PBXFileReference; lastKnownFileType = sourcecode.c.h; path = ViewController.h; sourceTree = "<group>"; };
		B008B42E1D59634500E5AD14 /* ViewController.m */ = {isa = PBXFileReference; lastKnownFileType = sourcecode.c.objc; path = ViewController.m; sourceTree = "<group>"; };
		B008B4311D59634500E5AD14 /* Base */ = {isa = PBXFileReference; lastKnownFileType = file.storyboard; name = Base; path = Base.lproj/Main.storyboard; sourceTree = "<group>"; };
		B008B4331D59634600E5AD14 /* Assets.xcassets */ = {isa = PBXFileReference; lastKnownFileType = folder.assetcatalog; path = Assets.xcassets; sourceTree = "<group>"; };
		B008B4361D59634600E5AD14 /* Base */ = {isa = PBXFileReference; lastKnownFileType = file.storyboard; name = Base; path = Base.lproj/LaunchScreen.storyboard; sourceTree = "<group>"; };
		B008B4381D59634600E5AD14 /* Info.plist */ = {isa = PBXFileReference; lastKnownFileType = text.plist.xml; path = Info.plist; sourceTree = "<group>"; };
		B008B5321D5963DB00E5AD14 /* _pragma_pop.h */ = {isa = PBXFileReference; fileEncoding = 4; lastKnownFileType = sourcecode.c.h; path = _pragma_pop.h; sourceTree = "<group>"; };
		B008B5331D5963DB00E5AD14 /* _pragma_push.h */ = {isa = PBXFileReference; fileEncoding = 4; lastKnownFileType = sourcecode.c.h; path = _pragma_push.h; sourceTree = "<group>"; };
		B008B5341D5963DB00E5AD14 /* WT_Precompile.h */ = {isa = PBXFileReference; fileEncoding = 4; lastKnownFileType = sourcecode.c.h; path = WT_Precompile.h; sourceTree = "<group>"; };
		B008B5371D5963DB00E5AD14 /* WT_Cache.h */ = {isa = PBXFileReference; fileEncoding = 4; lastKnownFileType = sourcecode.c.h; path = WT_Cache.h; sourceTree = "<group>"; };
		B008B5381D5963DB00E5AD14 /* WT_FileCache.h */ = {isa = PBXFileReference; fileEncoding = 4; lastKnownFileType = sourcecode.c.h; path = WT_FileCache.h; sourceTree = "<group>"; };
		B008B5391D5963DB00E5AD14 /* WT_FileCache.m */ = {isa = PBXFileReference; fileEncoding = 4; lastKnownFileType = sourcecode.c.objc; path = WT_FileCache.m; sourceTree = "<group>"; };
		B008B53C1D5963DB00E5AD14 /* WT_MemoryCache.h */ = {isa = PBXFileReference; fileEncoding = 4; lastKnownFileType = sourcecode.c.h; path = WT_MemoryCache.h; sourceTree = "<group>"; };
		B008B53D1D5963DB00E5AD14 /* WT_MemoryCache.m */ = {isa = PBXFileReference; fileEncoding = 4; lastKnownFileType = sourcecode.c.objc; path = WT_MemoryCache.m; sourceTree = "<group>"; };
		B008B5421D5963DB00E5AD14 /* WT_Model+WT_Database.h */ = {isa = PBXFileReference; fileEncoding = 4; lastKnownFileType = sourcecode.c.h; path = "WT_Model+WT_Database.h"; sourceTree = "<group>"; };
		B008B5431D5963DB00E5AD14 /* WT_Model+WT_Database.m */ = {isa = PBXFileReference; fileEncoding = 4; lastKnownFileType = sourcecode.c.objc; path = "WT_Model+WT_Database.m"; sourceTree = "<group>"; };
		B008B5441D5963DB00E5AD14 /* WT_Database.h */ = {isa = PBXFileReference; fileEncoding = 4; lastKnownFileType = sourcecode.c.h; path = WT_Database.h; sourceTree = "<group>"; };
		B008B5451D5963DB00E5AD14 /* WT_Database.m */ = {isa = PBXFileReference; fileEncoding = 4; lastKnownFileType = sourcecode.c.objc; path = WT_Database.m; sourceTree = "<group>"; };
		B008B5461D5963DB00E5AD14 /* WT_DatabaseQueue.h */ = {isa = PBXFileReference; fileEncoding = 4; lastKnownFileType = sourcecode.c.h; path = WT_DatabaseQueue.h; sourceTree = "<group>"; };
		B008B5471D5963DB00E5AD14 /* WT_DatabaseQueue.m */ = {isa = PBXFileReference; fileEncoding = 4; lastKnownFileType = sourcecode.c.objc; path = WT_DatabaseQueue.m; sourceTree = "<group>"; };
		B008B54A1D5963DB00E5AD14 /* NSArray+WT_Extension.h */ = {isa = PBXFileReference; fileEncoding = 4; lastKnownFileType = sourcecode.c.h; path = "NSArray+WT_Extension.h"; sourceTree = "<group>"; };
		B008B54B1D5963DB00E5AD14 /* NSArray+WT_Extension.m */ = {isa = PBXFileReference; fileEncoding = 4; lastKnownFileType = sourcecode.c.objc; path = "NSArray+WT_Extension.m"; sourceTree = "<group>"; };
		B008B54C1D5963DB00E5AD14 /* NSData+WT_Extension.h */ = {isa = PBXFileReference; fileEncoding = 4; lastKnownFileType = sourcecode.c.h; path = "NSData+WT_Extension.h"; sourceTree = "<group>"; };
		B008B54D1D5963DB00E5AD14 /* NSData+WT_Extension.m */ = {isa = PBXFileReference; fileEncoding = 4; lastKnownFileType = sourcecode.c.objc; path = "NSData+WT_Extension.m"; sourceTree = "<group>"; };
		B008B54E1D5963DB00E5AD14 /* NSDate+WT_Extension.h */ = {isa = PBXFileReference; fileEncoding = 4; lastKnownFileType = sourcecode.c.h; path = "NSDate+WT_Extension.h"; sourceTree = "<group>"; };
		B008B54F1D5963DB00E5AD14 /* NSDate+WT_Extension.m */ = {isa = PBXFileReference; fileEncoding = 4; lastKnownFileType = sourcecode.c.objc; path = "NSDate+WT_Extension.m"; sourceTree = "<group>"; };
		B008B5501D5963DB00E5AD14 /* NSDictionary+WT_Extension.h */ = {isa = PBXFileReference; fileEncoding = 4; lastKnownFileType = sourcecode.c.h; path = "NSDictionary+WT_Extension.h"; sourceTree = "<group>"; };
		B008B5511D5963DB00E5AD14 /* NSDictionary+WT_Extension.m */ = {isa = PBXFileReference; fileEncoding = 4; lastKnownFileType = sourcecode.c.objc; path = "NSDictionary+WT_Extension.m"; sourceTree = "<group>"; };
		B008B5521D5963DB00E5AD14 /* NSList+WT_Extension.h */ = {isa = PBXFileReference; fileEncoding = 4; lastKnownFileType = sourcecode.c.h; path = "NSList+WT_Extension.h"; sourceTree = "<group>"; };
		B008B5531D5963DB00E5AD14 /* NSList+WT_Extension.m */ = {isa = PBXFileReference; fileEncoding = 4; lastKnownFileType = sourcecode.c.objc; path = "NSList+WT_Extension.m"; sourceTree = "<group>"; };
		B008B5541D5963DB00E5AD14 /* NSObject+WT_Extension.h */ = {isa = PBXFileReference; fileEncoding = 4; lastKnownFileType = sourcecode.c.h; path = "NSObject+WT_Extension.h"; sourceTree = "<group>"; };
		B008B5551D5963DB00E5AD14 /* NSObject+WT_Extension.m */ = {isa = PBXFileReference; fileEncoding = 4; lastKnownFileType = sourcecode.c.objc; path = "NSObject+WT_Extension.m"; sourceTree = "<group>"; };
		B008B5561D5963DB00E5AD14 /* NSString+WT_Extension.h */ = {isa = PBXFileReference; fileEncoding = 4; lastKnownFileType = sourcecode.c.h; path = "NSString+WT_Extension.h"; sourceTree = "<group>"; };
		B008B5571D5963DB00E5AD14 /* NSString+WT_Extension.m */ = {isa = PBXFileReference; fileEncoding = 4; lastKnownFileType = sourcecode.c.objc; path = "NSString+WT_Extension.m"; sourceTree = "<group>"; };
		B008B5581D5963DB00E5AD14 /* WT_ArrayList.h */ = {isa = PBXFileReference; fileEncoding = 4; lastKnownFileType = sourcecode.c.h; path = WT_ArrayList.h; sourceTree = "<group>"; };
		B008B5591D5963DB00E5AD14 /* WT_ArrayList.m */ = {isa = PBXFileReference; fileEncoding = 4; lastKnownFileType = sourcecode.c.objc; path = WT_ArrayList.m; sourceTree = "<group>"; };
		B008B55A1D5963DB00E5AD14 /* WT_FileSystem.h */ = {isa = PBXFileReference; fileEncoding = 4; lastKnownFileType = sourcecode.c.h; path = WT_FileSystem.h; sourceTree = "<group>"; };
		B008B55B1D5963DB00E5AD14 /* WT_FileSystem.m */ = {isa = PBXFileReference; fileEncoding = 4; lastKnownFileType = sourcecode.c.objc; path = WT_FileSystem.m; sourceTree = "<group>"; };
		B008B55C1D5963DB00E5AD14 /* WT_Foundation.h */ = {isa = PBXFileReference; fileEncoding = 4; lastKnownFileType = sourcecode.c.h; path = WT_Foundation.h; sourceTree = "<group>"; };
		B008B55D1D5963DB00E5AD14 /* WT_Generic.h */ = {isa = PBXFileReference; fileEncoding = 4; lastKnownFileType = sourcecode.c.h; path = WT_Generic.h; sourceTree = "<group>"; };
		B008B55E1D5963DB00E5AD14 /* WT_Generic.m */ = {isa = PBXFileReference; fileEncoding = 4; lastKnownFileType = sourcecode.c.objc; path = WT_Generic.m; sourceTree = "<group>"; };
		B008B55F1D5963DB00E5AD14 /* WT_Notification.h */ = {isa = PBXFileReference; fileEncoding = 4; lastKnownFileType = sourcecode.c.h; path = WT_Notification.h; sourceTree = "<group>"; };
		B008B5601D5963DB00E5AD14 /* WT_Notification.m */ = {isa = PBXFileReference; fileEncoding = 4; lastKnownFileType = sourcecode.c.objc; path = WT_Notification.m; sourceTree = "<group>"; };
		B008B5611D5963DB00E5AD14 /* WT_Property.h */ = {isa = PBXFileReference; fileEncoding = 4; lastKnownFileType = sourcecode.c.h; path = WT_Property.h; sourceTree = "<group>"; };
		B008B5621D5963DB00E5AD14 /* WT_Property.m */ = {isa = PBXFileReference; fileEncoding = 4; lastKnownFileType = sourcecode.c.objc; path = WT_Property.m; sourceTree = "<group>"; };
		B008B5631D5963DB00E5AD14 /* WT_Runtime.h */ = {isa = PBXFileReference; fileEncoding = 4; lastKnownFileType = sourcecode.c.h; path = WT_Runtime.h; sourceTree = "<group>"; };
		B008B5641D5963DB00E5AD14 /* WT_Runtime.m */ = {isa = PBXFileReference; fileEncoding = 4; lastKnownFileType = sourcecode.c.objc; path = WT_Runtime.m; sourceTree = "<group>"; };
		B008B5651D5963DB00E5AD14 /* WT_System.h */ = {isa = PBXFileReference; fileEncoding = 4; lastKnownFileType = sourcecode.c.h; path = WT_System.h; sourceTree = "<group>"; };
		B008B5661D5963DB00E5AD14 /* WT_System.m */ = {isa = PBXFileReference; fileEncoding = 4; lastKnownFileType = sourcecode.c.objc; path = WT_System.m; sourceTree = "<group>"; };
		B008B56A1D5963DB00E5AD14 /* WT_Model.h */ = {isa = PBXFileReference; fileEncoding = 4; lastKnownFileType = sourcecode.c.h; path = WT_Model.h; sourceTree = "<group>"; };
		B008B56B1D5963DB00E5AD14 /* WT_Model.m */ = {isa = PBXFileReference; fileEncoding = 4; lastKnownFileType = sourcecode.c.objc; path = WT_Model.m; sourceTree = "<group>"; };
		B008B56E1D5963DB00E5AD14 /* NSObject+WT_Http.h */ = {isa = PBXFileReference; fileEncoding = 4; lastKnownFileType = sourcecode.c.h; path = "NSObject+WT_Http.h"; sourceTree = "<group>"; };
		B008B56F1D5963DB00E5AD14 /* NSObject+WT_Http.m */ = {isa = PBXFileReference; fileEncoding = 4; lastKnownFileType = sourcecode.c.objc; path = "NSObject+WT_Http.m"; sourceTree = "<group>"; };
		B008B5701D5963DB00E5AD14 /* WT_Http.h */ = {isa = PBXFileReference; fileEncoding = 4; lastKnownFileType = sourcecode.c.h; path = WT_Http.h; sourceTree = "<group>"; };
		B008B5711D5963DB00E5AD14 /* WT_Http.m */ = {isa = PBXFileReference; fileEncoding = 4; lastKnownFileType = sourcecode.c.objc; path = WT_Http.m; sourceTree = "<group>"; };
		B008B5721D5963DB00E5AD14 /* WT_Core.h */ = {isa = PBXFileReference; fileEncoding = 4; lastKnownFileType = sourcecode.c.h; path = WT_Core.h; sourceTree = "<group>"; };
		B008B57E1D5963DB00E5AD14 /* AFHTTPSessionManager.h */ = {isa = PBXFileReference; fileEncoding = 4; lastKnownFileType = sourcecode.c.h; path = AFHTTPSessionManager.h; sourceTree = "<group>"; };
		B008B57F1D5963DB00E5AD14 /* AFHTTPSessionManager.m */ = {isa = PBXFileReference; fileEncoding = 4; lastKnownFileType = sourcecode.c.objc; path = AFHTTPSessionManager.m; sourceTree = "<group>"; };
		B008B5801D5963DB00E5AD14 /* AFNetworking.h */ = {isa = PBXFileReference; fileEncoding = 4; lastKnownFileType = sourcecode.c.h; path = AFNetworking.h; sourceTree = "<group>"; };
		B008B5811D5963DB00E5AD14 /* AFNetworkReachabilityManager.h */ = {isa = PBXFileReference; fileEncoding = 4; lastKnownFileType = sourcecode.c.h; path = AFNetworkReachabilityManager.h; sourceTree = "<group>"; };
		B008B5821D5963DB00E5AD14 /* AFNetworkReachabilityManager.m */ = {isa = PBXFileReference; fileEncoding = 4; lastKnownFileType = sourcecode.c.objc; path = AFNetworkReachabilityManager.m; sourceTree = "<group>"; };
		B008B5831D5963DB00E5AD14 /* AFSecurityPolicy.h */ = {isa = PBXFileReference; fileEncoding = 4; lastKnownFileType = sourcecode.c.h; path = AFSecurityPolicy.h; sourceTree = "<group>"; };
		B008B5841D5963DB00E5AD14 /* AFSecurityPolicy.m */ = {isa = PBXFileReference; fileEncoding = 4; lastKnownFileType = sourcecode.c.objc; path = AFSecurityPolicy.m; sourceTree = "<group>"; };
		B008B5851D5963DB00E5AD14 /* AFURLRequestSerialization.h */ = {isa = PBXFileReference; fileEncoding = 4; lastKnownFileType = sourcecode.c.h; path = AFURLRequestSerialization.h; sourceTree = "<group>"; };
		B008B5861D5963DB00E5AD14 /* AFURLRequestSerialization.m */ = {isa = PBXFileReference; fileEncoding = 4; lastKnownFileType = sourcecode.c.objc; path = AFURLRequestSerialization.m; sourceTree = "<group>"; };
		B008B5871D5963DB00E5AD14 /* AFURLResponseSerialization.h */ = {isa = PBXFileReference; fileEncoding = 4; lastKnownFileType = sourcecode.c.h; path = AFURLResponseSerialization.h; sourceTree = "<group>"; };
		B008B5881D5963DB00E5AD14 /* AFURLResponseSerialization.m */ = {isa = PBXFileReference; fileEncoding = 4; lastKnownFileType = sourcecode.c.objc; path = AFURLResponseSerialization.m; sourceTree = "<group>"; };
		B008B5891D5963DB00E5AD14 /* AFURLSessionManager.h */ = {isa = PBXFileReference; fileEncoding = 4; lastKnownFileType = sourcecode.c.h; path = AFURLSessionManager.h; sourceTree = "<group>"; };
		B008B58A1D5963DB00E5AD14 /* AFURLSessionManager.m */ = {isa = PBXFileReference; fileEncoding = 4; lastKnownFileType = sourcecode.c.objc; path = AFURLSessionManager.m; sourceTree = "<group>"; };
		B008B58C1D5963DB00E5AD14 /* FMDatabase.h */ = {isa = PBXFileReference; fileEncoding = 4; lastKnownFileType = sourcecode.c.h; path = FMDatabase.h; sourceTree = "<group>"; };
		B008B58D1D5963DB00E5AD14 /* FMDatabase.m */ = {isa = PBXFileReference; fileEncoding = 4; lastKnownFileType = sourcecode.c.objc; path = FMDatabase.m; sourceTree = "<group>"; };
		B008B58E1D5963DB00E5AD14 /* FMDatabaseAdditions.h */ = {isa = PBXFileReference; fileEncoding = 4; lastKnownFileType = sourcecode.c.h; path = FMDatabaseAdditions.h; sourceTree = "<group>"; };
		B008B58F1D5963DB00E5AD14 /* FMDatabaseAdditions.m */ = {isa = PBXFileReference; fileEncoding = 4; lastKnownFileType = sourcecode.c.objc; path = FMDatabaseAdditions.m; sourceTree = "<group>"; };
		B008B5901D5963DB00E5AD14 /* FMDatabasePool.h */ = {isa = PBXFileReference; fileEncoding = 4; lastKnownFileType = sourcecode.c.h; path = FMDatabasePool.h; sourceTree = "<group>"; };
		B008B5911D5963DB00E5AD14 /* FMDatabasePool.m */ = {isa = PBXFileReference; fileEncoding = 4; lastKnownFileType = sourcecode.c.objc; path = FMDatabasePool.m; sourceTree = "<group>"; };
		B008B5921D5963DB00E5AD14 /* FMDatabaseQueue.h */ = {isa = PBXFileReference; fileEncoding = 4; lastKnownFileType = sourcecode.c.h; path = FMDatabaseQueue.h; sourceTree = "<group>"; };
		B008B5931D5963DB00E5AD14 /* FMDatabaseQueue.m */ = {isa = PBXFileReference; fileEncoding = 4; lastKnownFileType = sourcecode.c.objc; path = FMDatabaseQueue.m; sourceTree = "<group>"; };
		B008B5941D5963DB00E5AD14 /* FMDB.h */ = {isa = PBXFileReference; fileEncoding = 4; lastKnownFileType = sourcecode.c.h; path = FMDB.h; sourceTree = "<group>"; };
		B008B5951D5963DB00E5AD14 /* FMResultSet.h */ = {isa = PBXFileReference; fileEncoding = 4; lastKnownFileType = sourcecode.c.h; path = FMResultSet.h; sourceTree = "<group>"; };
		B008B5961D5963DB00E5AD14 /* FMResultSet.m */ = {isa = PBXFileReference; fileEncoding = 4; lastKnownFileType = sourcecode.c.objc; path = FMResultSet.m; sourceTree = "<group>"; };
		B008B5981D5963DB00E5AD14 /* MASCompositeConstraint.h */ = {isa = PBXFileReference; fileEncoding = 4; lastKnownFileType = sourcecode.c.h; path = MASCompositeConstraint.h; sourceTree = "<group>"; };
		B008B5991D5963DB00E5AD14 /* MASCompositeConstraint.m */ = {isa = PBXFileReference; fileEncoding = 4; lastKnownFileType = sourcecode.c.objc; path = MASCompositeConstraint.m; sourceTree = "<group>"; };
		B008B59A1D5963DB00E5AD14 /* MASConstraint+Private.h */ = {isa = PBXFileReference; fileEncoding = 4; lastKnownFileType = sourcecode.c.h; path = "MASConstraint+Private.h"; sourceTree = "<group>"; };
		B008B59B1D5963DB00E5AD14 /* MASConstraint.h */ = {isa = PBXFileReference; fileEncoding = 4; lastKnownFileType = sourcecode.c.h; path = MASConstraint.h; sourceTree = "<group>"; };
		B008B59C1D5963DB00E5AD14 /* MASConstraint.m */ = {isa = PBXFileReference; fileEncoding = 4; lastKnownFileType = sourcecode.c.objc; path = MASConstraint.m; sourceTree = "<group>"; };
		B008B59D1D5963DB00E5AD14 /* MASConstraintMaker.h */ = {isa = PBXFileReference; fileEncoding = 4; lastKnownFileType = sourcecode.c.h; path = MASConstraintMaker.h; sourceTree = "<group>"; };
		B008B59E1D5963DB00E5AD14 /* MASConstraintMaker.m */ = {isa = PBXFileReference; fileEncoding = 4; lastKnownFileType = sourcecode.c.objc; path = MASConstraintMaker.m; sourceTree = "<group>"; };
		B008B59F1D5963DB00E5AD14 /* MASLayoutConstraint.h */ = {isa = PBXFileReference; fileEncoding = 4; lastKnownFileType = sourcecode.c.h; path = MASLayoutConstraint.h; sourceTree = "<group>"; };
		B008B5A01D5963DB00E5AD14 /* MASLayoutConstraint.m */ = {isa = PBXFileReference; fileEncoding = 4; lastKnownFileType = sourcecode.c.objc; path = MASLayoutConstraint.m; sourceTree = "<group>"; };
		B008B5A11D5963DB00E5AD14 /* Masonry.h */ = {isa = PBXFileReference; fileEncoding = 4; lastKnownFileType = sourcecode.c.h; path = Masonry.h; sourceTree = "<group>"; };
		B008B5A21D5963DB00E5AD14 /* MASUtilities.h */ = {isa = PBXFileReference; fileEncoding = 4; lastKnownFileType = sourcecode.c.h; path = MASUtilities.h; sourceTree = "<group>"; };
		B008B5A31D5963DB00E5AD14 /* MASViewAttribute.h */ = {isa = PBXFileReference; fileEncoding = 4; lastKnownFileType = sourcecode.c.h; path = MASViewAttribute.h; sourceTree = "<group>"; };
		B008B5A41D5963DB00E5AD14 /* MASViewAttribute.m */ = {isa = PBXFileReference; fileEncoding = 4; lastKnownFileType = sourcecode.c.objc; path = MASViewAttribute.m; sourceTree = "<group>"; };
		B008B5A51D5963DB00E5AD14 /* MASViewConstraint.h */ = {isa = PBXFileReference; fileEncoding = 4; lastKnownFileType = sourcecode.c.h; path = MASViewConstraint.h; sourceTree = "<group>"; };
		B008B5A61D5963DB00E5AD14 /* MASViewConstraint.m */ = {isa = PBXFileReference; fileEncoding = 4; lastKnownFileType = sourcecode.c.objc; path = MASViewConstraint.m; sourceTree = "<group>"; };
		B008B5A71D5963DB00E5AD14 /* NSArray+MASAdditions.h */ = {isa = PBXFileReference; fileEncoding = 4; lastKnownFileType = sourcecode.c.h; path = "NSArray+MASAdditions.h"; sourceTree = "<group>"; };
		B008B5A81D5963DB00E5AD14 /* NSArray+MASAdditions.m */ = {isa = PBXFileReference; fileEncoding = 4; lastKnownFileType = sourcecode.c.objc; path = "NSArray+MASAdditions.m"; sourceTree = "<group>"; };
		B008B5A91D5963DB00E5AD14 /* NSArray+MASShorthandAdditions.h */ = {isa = PBXFileReference; fileEncoding = 4; lastKnownFileType = sourcecode.c.h; path = "NSArray+MASShorthandAdditions.h"; sourceTree = "<group>"; };
		B008B5AA1D5963DB00E5AD14 /* NSLayoutConstraint+MASDebugAdditions.h */ = {isa = PBXFileReference; fileEncoding = 4; lastKnownFileType = sourcecode.c.h; path = "NSLayoutConstraint+MASDebugAdditions.h"; sourceTree = "<group>"; };
		B008B5AB1D5963DB00E5AD14 /* NSLayoutConstraint+MASDebugAdditions.m */ = {isa = PBXFileReference; fileEncoding = 4; lastKnownFileType = sourcecode.c.objc; path = "NSLayoutConstraint+MASDebugAdditions.m"; sourceTree = "<group>"; };
		B008B5AC1D5963DB00E5AD14 /* View+MASAdditions.h */ = {isa = PBXFileReference; fileEncoding = 4; lastKnownFileType = sourcecode.c.h; path = "View+MASAdditions.h"; sourceTree = "<group>"; };
		B008B5AD1D5963DB00E5AD14 /* View+MASAdditions.m */ = {isa = PBXFileReference; fileEncoding = 4; lastKnownFileType = sourcecode.c.objc; path = "View+MASAdditions.m"; sourceTree = "<group>"; };
		B008B5AE1D5963DB00E5AD14 /* View+MASShorthandAdditions.h */ = {isa = PBXFileReference; fileEncoding = 4; lastKnownFileType = sourcecode.c.h; path = "View+MASShorthandAdditions.h"; sourceTree = "<group>"; };
		B008B5B81D5963DB00E5AD14 /* WT_UIBoard.h */ = {isa = PBXFileReference; fileEncoding = 4; lastKnownFileType = sourcecode.c.h; path = WT_UIBoard.h; sourceTree = "<group>"; };
		B008B5B91D5963DB00E5AD14 /* WT_UIBoard.m */ = {isa = PBXFileReference; fileEncoding = 4; lastKnownFileType = sourcecode.c.objc; path = WT_UIBoard.m; sourceTree = "<group>"; };
		B008B5BC1D5963DB00E5AD14 /* UIButton+WT_DataBinding.h */ = {isa = PBXFileReference; fileEncoding = 4; lastKnownFileType = sourcecode.c.h; path = "UIButton+WT_DataBinding.h"; sourceTree = "<group>"; };
		B008B5BD1D5963DB00E5AD14 /* UIButton+WT_DataBinding.m */ = {isa = PBXFileReference; fileEncoding = 4; lastKnownFileType = sourcecode.c.objc; path = "UIButton+WT_DataBinding.m"; sourceTree = "<group>"; };
		B008B5BE1D5963DB00E5AD14 /* WT_DataBinding.h */ = {isa = PBXFileReference; fileEncoding = 4; lastKnownFileType = sourcecode.c.h; path = WT_DataBinding.h; sourceTree = "<group>"; };
		B008B5BF1D5963DB00E5AD14 /* WT_DataBinding.m */ = {isa = PBXFileReference; fileEncoding = 4; lastKnownFileType = sourcecode.c.objc; path = WT_DataBinding.m; sourceTree = "<group>"; };
		B008B5C21D5963DB00E5AD14 /* UIButton+WT_Event.h */ = {isa = PBXFileReference; fileEncoding = 4; lastKnownFileType = sourcecode.c.h; path = "UIButton+WT_Event.h"; sourceTree = "<group>"; };
		B008B5C31D5963DB00E5AD14 /* UIButton+WT_Event.m */ = {isa = PBXFileReference; fileEncoding = 4; lastKnownFileType = sourcecode.c.objc; path = "UIButton+WT_Event.m"; sourceTree = "<group>"; };
		B008B5C41D5963DB00E5AD14 /* UITextField+WT_Event.h */ = {isa = PBXFileReference; fileEncoding = 4; lastKnownFileType = sourcecode.c.h; path = "UITextField+WT_Event.h"; sourceTree = "<group>"; };
		B008B5C51D5963DB00E5AD14 /* UITextField+WT_Event.m */ = {isa = PBXFileReference; fileEncoding = 4; lastKnownFileType = sourcecode.c.objc; path = "UITextField+WT_Event.m"; sourceTree = "<group>"; };
		B008B5C61D5963DB00E5AD14 /* UITextView+WT_Event.h */ = {isa = PBXFileReference; fileEncoding = 4; lastKnownFileType = sourcecode.c.h; path = "UITextView+WT_Event.h"; sourceTree = "<group>"; };
		B008B5C71D5963DB00E5AD14 /* UITextView+WT_Event.m */ = {isa = PBXFileReference; fileEncoding = 4; lastKnownFileType = sourcecode.c.objc; path = "UITextView+WT_Event.m"; sourceTree = "<group>"; };
		B008B5C81D5963DB00E5AD14 /* WT_Event.h */ = {isa = PBXFileReference; fileEncoding = 4; lastKnownFileType = sourcecode.c.h; path = WT_Event.h; sourceTree = "<group>"; };
		B008B5C91D5963DB00E5AD14 /* WT_Signal.h */ = {isa = PBXFileReference; fileEncoding = 4; lastKnownFileType = sourcecode.c.h; path = WT_Signal.h; sourceTree = "<group>"; };
		B008B5CA1D5963DB00E5AD14 /* WT_Signal.m */ = {isa = PBXFileReference; fileEncoding = 4; lastKnownFileType = sourcecode.c.objc; path = WT_Signal.m; sourceTree = "<group>"; };
		B008B5CB1D5963DB00E5AD14 /* WT_View.h */ = {isa = PBXFileReference; fileEncoding = 4; lastKnownFileType = sourcecode.c.h; path = WT_View.h; sourceTree = "<group>"; };
		B008B5CC1D5963DB00E5AD14 /* WT.h */ = {isa = PBXFileReference; fileEncoding = 4; lastKnownFileType = sourcecode.c.h; path = WT.h; sourceTree = "<group>"; };
		B008B60A1D5965C100E5AD14 /* UIView+WT_Chain.h */ = {isa = PBXFileReference; fileEncoding = 4; lastKnownFileType = sourcecode.c.h; path = "UIView+WT_Chain.h"; sourceTree = "<group>"; };
		B008B60B1D5965C100E5AD14 /* UIView+WT_Chain.m */ = {isa = PBXFileReference; fileEncoding = 4; lastKnownFileType = sourcecode.c.objc; path = "UIView+WT_Chain.m"; sourceTree = "<group>"; };
		B008B60C1D5965C100E5AD14 /* WT_Chain.h */ = {isa = PBXFileReference; fileEncoding = 4; lastKnownFileType = sourcecode.c.h; path = WT_Chain.h; sourceTree = "<group>"; };
		B008B60E1D59662C00E5AD14 /* WT_Chain.m */ = {isa = PBXFileReference; fileEncoding = 4; lastKnownFileType = sourcecode.c.objc; path = WT_Chain.m; sourceTree = "<group>"; };
		B008B6131D596B7000E5AD14 /* NSObject+WT_UIPropertyMapping.h */ = {isa = PBXFileReference; fileEncoding = 4; lastKnownFileType = sourcecode.c.h; path = "NSObject+WT_UIPropertyMapping.h"; sourceTree = "<group>"; };
		B008B6141D596B7000E5AD14 /* NSObject+WT_UIPropertyMapping.m */ = {isa = PBXFileReference; fileEncoding = 4; lastKnownFileType = sourcecode.c.objc; path = "NSObject+WT_UIPropertyMapping.m"; sourceTree = "<group>"; };
		B008B6151D596B7000E5AD14 /* UIView+WT_Extension.h */ = {isa = PBXFileReference; fileEncoding = 4; lastKnownFileType = sourcecode.c.h; path = "UIView+WT_Extension.h"; sourceTree = "<group>"; };
		B008B6161D596B7000E5AD14 /* UIView+WT_Extension.m */ = {isa = PBXFileReference; fileEncoding = 4; lastKnownFileType = sourcecode.c.objc; path = "UIView+WT_Extension.m"; sourceTree = "<group>"; };
		B008B6171D596B7000E5AD14 /* WT_Common.h */ = {isa = PBXFileReference; fileEncoding = 4; lastKnownFileType = sourcecode.c.h; path = WT_Common.h; sourceTree = "<group>"; };
		B008B61A1D596BB600E5AD14 /* UIColor+WT_Extension.h */ = {isa = PBXFileReference; fileEncoding = 4; lastKnownFileType = sourcecode.c.h; path = "UIColor+WT_Extension.h"; sourceTree = "<group>"; };
		B008B61B1D596BB600E5AD14 /* UIColor+WT_Extension.m */ = {isa = PBXFileReference; fileEncoding = 4; lastKnownFileType = sourcecode.c.objc; path = "UIColor+WT_Extension.m"; sourceTree = "<group>"; };
		B008B61C1D596BB600E5AD14 /* UIImage+WT_Extension.h */ = {isa = PBXFileReference; fileEncoding = 4; lastKnownFileType = sourcecode.c.h; path = "UIImage+WT_Extension.h"; sourceTree = "<group>"; };
		B008B61D1D596BB600E5AD14 /* UIImage+WT_Extension.m */ = {isa = PBXFileReference; fileEncoding = 4; lastKnownFileType = sourcecode.c.objc; path = "UIImage+WT_Extension.m"; sourceTree = "<group>"; };
		B008B6201D596EA600E5AD14 /* libsqlite3.tbd */ = {isa = PBXFileReference; lastKnownFileType = "sourcecode.text-based-dylib-definition"; name = libsqlite3.tbd; path = usr/lib/libsqlite3.tbd; sourceTree = SDKROOT; };
/* End PBXFileReference section */

/* Begin PBXFrameworksBuildPhase section */
		B008B4211D59634500E5AD14 /* Frameworks */ = {
			isa = PBXFrameworksBuildPhase;
			buildActionMask = 2147483647;
			files = (
				B008B6211D596EA600E5AD14 /* libsqlite3.tbd in Frameworks */,
			);
			runOnlyForDeploymentPostprocessing = 0;
		};
/* End PBXFrameworksBuildPhase section */

/* Begin PBXGroup section */
		B008B41B1D59634500E5AD14 = {
			isa = PBXGroup;
			children = (
				B008B6201D596EA600E5AD14 /* libsqlite3.tbd */,
				B008B52E1D5963DB00E5AD14 /* framework */,
				B008B4261D59634500E5AD14 /* WTFramework */,
				B008B4251D59634500E5AD14 /* Products */,
			);
			sourceTree = "<group>";
		};
		B008B4251D59634500E5AD14 /* Products */ = {
			isa = PBXGroup;
			children = (
				B008B4241D59634500E5AD14 /* WTFramework.app */,
			);
			name = Products;
			sourceTree = "<group>";
		};
		B008B4261D59634500E5AD14 /* WTFramework */ = {
			isa = PBXGroup;
			children = (
				B008B42A1D59634500E5AD14 /* AppDelegate.h */,
				B008B42B1D59634500E5AD14 /* AppDelegate.m */,
				B008B42D1D59634500E5AD14 /* ViewController.h */,
				B008B42E1D59634500E5AD14 /* ViewController.m */,
				B008B4301D59634500E5AD14 /* Main.storyboard */,
				B008B4331D59634600E5AD14 /* Assets.xcassets */,
				B008B4351D59634600E5AD14 /* LaunchScreen.storyboard */,
				B008B4381D59634600E5AD14 /* Info.plist */,
				B008B4271D59634500E5AD14 /* Supporting Files */,
			);
			path = WTFramework;
			sourceTree = "<group>";
		};
		B008B4271D59634500E5AD14 /* Supporting Files */ = {
			isa = PBXGroup;
			children = (
				B008B4281D59634500E5AD14 /* main.m */,
			);
			name = "Supporting Files";
			sourceTree = "<group>";
		};
		B008B52E1D5963DB00E5AD14 /* framework */ = {
			isa = PBXGroup;
			children = (
				B008B5311D5963DB00E5AD14 /* config */,
				B008B5351D5963DB00E5AD14 /* core */,
				B008B57C1D5963DB00E5AD14 /* vendor */,
				B008B5AF1D5963DB00E5AD14 /* view */,
				B008B5CC1D5963DB00E5AD14 /* WT.h */,
			);
			path = framework;
			sourceTree = "<group>";
		};
		B008B5311D5963DB00E5AD14 /* config */ = {
			isa = PBXGroup;
			children = (
				B008B5321D5963DB00E5AD14 /* _pragma_pop.h */,
				B008B5331D5963DB00E5AD14 /* _pragma_push.h */,
				B008B5341D5963DB00E5AD14 /* WT_Precompile.h */,
			);
			path = config;
			sourceTree = "<group>";
		};
		B008B5351D5963DB00E5AD14 /* core */ = {
			isa = PBXGroup;
			children = (
				B008B5481D5963DB00E5AD14 /* foundation */,
				B008B5361D5963DB00E5AD14 /* cache */,
				B008B5401D5963DB00E5AD14 /* database */,
				B008B5691D5963DB00E5AD14 /* model */,
				B008B56C1D5963DB00E5AD14 /* network */,
				B008B5721D5963DB00E5AD14 /* WT_Core.h */,
			);
			path = core;
			sourceTree = "<group>";
		};
		B008B5361D5963DB00E5AD14 /* cache */ = {
			isa = PBXGroup;
			children = (
				B008B5371D5963DB00E5AD14 /* WT_Cache.h */,
				B008B5381D5963DB00E5AD14 /* WT_FileCache.h */,
				B008B5391D5963DB00E5AD14 /* WT_FileCache.m */,
				B008B53C1D5963DB00E5AD14 /* WT_MemoryCache.h */,
				B008B53D1D5963DB00E5AD14 /* WT_MemoryCache.m */,
			);
			path = cache;
			sourceTree = "<group>";
		};
		B008B5401D5963DB00E5AD14 /* database */ = {
			isa = PBXGroup;
			children = (
				B008B5411D5963DB00E5AD14 /* extension */,
				B008B5441D5963DB00E5AD14 /* WT_Database.h */,
				B008B5451D5963DB00E5AD14 /* WT_Database.m */,
				B008B5461D5963DB00E5AD14 /* WT_DatabaseQueue.h */,
				B008B5471D5963DB00E5AD14 /* WT_DatabaseQueue.m */,
			);
			path = database;
			sourceTree = "<group>";
		};
		B008B5411D5963DB00E5AD14 /* extension */ = {
			isa = PBXGroup;
			children = (
				B008B5421D5963DB00E5AD14 /* WT_Model+WT_Database.h */,
				B008B5431D5963DB00E5AD14 /* WT_Model+WT_Database.m */,
			);
			path = extension;
			sourceTree = "<group>";
		};
		B008B5481D5963DB00E5AD14 /* foundation */ = {
			isa = PBXGroup;
			children = (
				B008B5491D5963DB00E5AD14 /* extension */,
				B008B55C1D5963DB00E5AD14 /* WT_Foundation.h */,
				B008B5581D5963DB00E5AD14 /* WT_ArrayList.h */,
				B008B5591D5963DB00E5AD14 /* WT_ArrayList.m */,
				B008B55A1D5963DB00E5AD14 /* WT_FileSystem.h */,
				B008B55B1D5963DB00E5AD14 /* WT_FileSystem.m */,
				B008B55D1D5963DB00E5AD14 /* WT_Generic.h */,
				B008B55E1D5963DB00E5AD14 /* WT_Generic.m */,
				B008B55F1D5963DB00E5AD14 /* WT_Notification.h */,
				B008B5601D5963DB00E5AD14 /* WT_Notification.m */,
				B008B5611D5963DB00E5AD14 /* WT_Property.h */,
				B008B5621D5963DB00E5AD14 /* WT_Property.m */,
				B008B5631D5963DB00E5AD14 /* WT_Runtime.h */,
				B008B5641D5963DB00E5AD14 /* WT_Runtime.m */,
				B008B5651D5963DB00E5AD14 /* WT_System.h */,
				B008B5661D5963DB00E5AD14 /* WT_System.m */,
			);
			path = foundation;
			sourceTree = "<group>";
		};
		B008B5491D5963DB00E5AD14 /* extension */ = {
			isa = PBXGroup;
			children = (
				B008B54A1D5963DB00E5AD14 /* NSArray+WT_Extension.h */,
				B008B54B1D5963DB00E5AD14 /* NSArray+WT_Extension.m */,
				B008B54C1D5963DB00E5AD14 /* NSData+WT_Extension.h */,
				B008B54D1D5963DB00E5AD14 /* NSData+WT_Extension.m */,
				B008B54E1D5963DB00E5AD14 /* NSDate+WT_Extension.h */,
				B008B54F1D5963DB00E5AD14 /* NSDate+WT_Extension.m */,
				B008B5501D5963DB00E5AD14 /* NSDictionary+WT_Extension.h */,
				B008B5511D5963DB00E5AD14 /* NSDictionary+WT_Extension.m */,
				B008B5521D5963DB00E5AD14 /* NSList+WT_Extension.h */,
				B008B5531D5963DB00E5AD14 /* NSList+WT_Extension.m */,
				B008B5541D5963DB00E5AD14 /* NSObject+WT_Extension.h */,
				B008B5551D5963DB00E5AD14 /* NSObject+WT_Extension.m */,
				B008B5561D5963DB00E5AD14 /* NSString+WT_Extension.h */,
				B008B5571D5963DB00E5AD14 /* NSString+WT_Extension.m */,
			);
			path = extension;
			sourceTree = "<group>";
		};
		B008B5691D5963DB00E5AD14 /* model */ = {
			isa = PBXGroup;
			children = (
				B008B56A1D5963DB00E5AD14 /* WT_Model.h */,
				B008B56B1D5963DB00E5AD14 /* WT_Model.m */,
			);
			path = model;
			sourceTree = "<group>";
		};
		B008B56C1D5963DB00E5AD14 /* network */ = {
			isa = PBXGroup;
			children = (
				B008B56D1D5963DB00E5AD14 /* extension */,
				B008B5701D5963DB00E5AD14 /* WT_Http.h */,
				B008B5711D5963DB00E5AD14 /* WT_Http.m */,
			);
			path = network;
			sourceTree = "<group>";
		};
		B008B56D1D5963DB00E5AD14 /* extension */ = {
			isa = PBXGroup;
			children = (
				B008B56E1D5963DB00E5AD14 /* NSObject+WT_Http.h */,
				B008B56F1D5963DB00E5AD14 /* NSObject+WT_Http.m */,
			);
			path = extension;
			sourceTree = "<group>";
		};
		B008B57C1D5963DB00E5AD14 /* vendor */ = {
			isa = PBXGroup;
			children = (
				B008B57D1D5963DB00E5AD14 /* AFNetworking */,
				B008B58B1D5963DB00E5AD14 /* FMDB */,
				B008B5971D5963DB00E5AD14 /* Masonry */,
			);
			path = vendor;
			sourceTree = "<group>";
		};
		B008B57D1D5963DB00E5AD14 /* AFNetworking */ = {
			isa = PBXGroup;
			children = (
				B008B57E1D5963DB00E5AD14 /* AFHTTPSessionManager.h */,
				B008B57F1D5963DB00E5AD14 /* AFHTTPSessionManager.m */,
				B008B5801D5963DB00E5AD14 /* AFNetworking.h */,
				B008B5811D5963DB00E5AD14 /* AFNetworkReachabilityManager.h */,
				B008B5821D5963DB00E5AD14 /* AFNetworkReachabilityManager.m */,
				B008B5831D5963DB00E5AD14 /* AFSecurityPolicy.h */,
				B008B5841D5963DB00E5AD14 /* AFSecurityPolicy.m */,
				B008B5851D5963DB00E5AD14 /* AFURLRequestSerialization.h */,
				B008B5861D5963DB00E5AD14 /* AFURLRequestSerialization.m */,
				B008B5871D5963DB00E5AD14 /* AFURLResponseSerialization.h */,
				B008B5881D5963DB00E5AD14 /* AFURLResponseSerialization.m */,
				B008B5891D5963DB00E5AD14 /* AFURLSessionManager.h */,
				B008B58A1D5963DB00E5AD14 /* AFURLSessionManager.m */,
			);
			path = AFNetworking;
			sourceTree = "<group>";
		};
		B008B58B1D5963DB00E5AD14 /* FMDB */ = {
			isa = PBXGroup;
			children = (
				B008B58C1D5963DB00E5AD14 /* FMDatabase.h */,
				B008B58D1D5963DB00E5AD14 /* FMDatabase.m */,
				B008B58E1D5963DB00E5AD14 /* FMDatabaseAdditions.h */,
				B008B58F1D5963DB00E5AD14 /* FMDatabaseAdditions.m */,
				B008B5901D5963DB00E5AD14 /* FMDatabasePool.h */,
				B008B5911D5963DB00E5AD14 /* FMDatabasePool.m */,
				B008B5921D5963DB00E5AD14 /* FMDatabaseQueue.h */,
				B008B5931D5963DB00E5AD14 /* FMDatabaseQueue.m */,
				B008B5941D5963DB00E5AD14 /* FMDB.h */,
				B008B5951D5963DB00E5AD14 /* FMResultSet.h */,
				B008B5961D5963DB00E5AD14 /* FMResultSet.m */,
			);
			path = FMDB;
			sourceTree = "<group>";
		};
		B008B5971D5963DB00E5AD14 /* Masonry */ = {
			isa = PBXGroup;
			children = (
				B008B5981D5963DB00E5AD14 /* MASCompositeConstraint.h */,
				B008B5991D5963DB00E5AD14 /* MASCompositeConstraint.m */,
				B008B59A1D5963DB00E5AD14 /* MASConstraint+Private.h */,
				B008B59B1D5963DB00E5AD14 /* MASConstraint.h */,
				B008B59C1D5963DB00E5AD14 /* MASConstraint.m */,
				B008B59D1D5963DB00E5AD14 /* MASConstraintMaker.h */,
				B008B59E1D5963DB00E5AD14 /* MASConstraintMaker.m */,
				B008B59F1D5963DB00E5AD14 /* MASLayoutConstraint.h */,
				B008B5A01D5963DB00E5AD14 /* MASLayoutConstraint.m */,
				B008B5A11D5963DB00E5AD14 /* Masonry.h */,
				B008B5A21D5963DB00E5AD14 /* MASUtilities.h */,
				B008B5A31D5963DB00E5AD14 /* MASViewAttribute.h */,
				B008B5A41D5963DB00E5AD14 /* MASViewAttribute.m */,
				B008B5A51D5963DB00E5AD14 /* MASViewConstraint.h */,
				B008B5A61D5963DB00E5AD14 /* MASViewConstraint.m */,
				B008B5A71D5963DB00E5AD14 /* NSArray+MASAdditions.h */,
				B008B5A81D5963DB00E5AD14 /* NSArray+MASAdditions.m */,
				B008B5A91D5963DB00E5AD14 /* NSArray+MASShorthandAdditions.h */,
				B008B5AA1D5963DB00E5AD14 /* NSLayoutConstraint+MASDebugAdditions.h */,
				B008B5AB1D5963DB00E5AD14 /* NSLayoutConstraint+MASDebugAdditions.m */,
				B008B5AC1D5963DB00E5AD14 /* View+MASAdditions.h */,
				B008B5AD1D5963DB00E5AD14 /* View+MASAdditions.m */,
				B008B5AE1D5963DB00E5AD14 /* View+MASShorthandAdditions.h */,
			);
			path = Masonry;
			sourceTree = "<group>";
		};
		B008B5AF1D5963DB00E5AD14 /* view */ = {
			isa = PBXGroup;
			children = (
				B008B6111D596B7000E5AD14 /* common */,
				B008B5B71D5963DB00E5AD14 /* container */,
				B008B6081D5965C100E5AD14 /* dom-chain */,
				B008B5BA1D5963DB00E5AD14 /* dom-binding */,
				B008B5C01D5963DB00E5AD14 /* dom-event */,
				B008B5CB1D5963DB00E5AD14 /* WT_View.h */,
			);
			path = view;
			sourceTree = "<group>";
		};
		B008B5B71D5963DB00E5AD14 /* container */ = {
			isa = PBXGroup;
			children = (
				B008B5B81D5963DB00E5AD14 /* WT_UIBoard.h */,
				B008B5B91D5963DB00E5AD14 /* WT_UIBoard.m */,
			);
			path = container;
			sourceTree = "<group>";
		};
		B008B5BA1D5963DB00E5AD14 /* dom-binding */ = {
			isa = PBXGroup;
			children = (
				B008B5BB1D5963DB00E5AD14 /* extension */,
				B008B5BE1D5963DB00E5AD14 /* WT_DataBinding.h */,
				B008B5BF1D5963DB00E5AD14 /* WT_DataBinding.m */,
			);
			path = "dom-binding";
			sourceTree = "<group>";
		};
		B008B5BB1D5963DB00E5AD14 /* extension */ = {
			isa = PBXGroup;
			children = (
				B008B5BC1D5963DB00E5AD14 /* UIButton+WT_DataBinding.h */,
				B008B5BD1D5963DB00E5AD14 /* UIButton+WT_DataBinding.m */,
			);
			path = extension;
			sourceTree = "<group>";
		};
		B008B5C01D5963DB00E5AD14 /* dom-event */ = {
			isa = PBXGroup;
			children = (
				B008B5C11D5963DB00E5AD14 /* extension */,
				B008B5C81D5963DB00E5AD14 /* WT_Event.h */,
				B008B5C91D5963DB00E5AD14 /* WT_Signal.h */,
				B008B5CA1D5963DB00E5AD14 /* WT_Signal.m */,
			);
			path = "dom-event";
			sourceTree = "<group>";
		};
		B008B5C11D5963DB00E5AD14 /* extension */ = {
			isa = PBXGroup;
			children = (
				B008B5C21D5963DB00E5AD14 /* UIButton+WT_Event.h */,
				B008B5C31D5963DB00E5AD14 /* UIButton+WT_Event.m */,
				B008B5C41D5963DB00E5AD14 /* UITextField+WT_Event.h */,
				B008B5C51D5963DB00E5AD14 /* UITextField+WT_Event.m */,
				B008B5C61D5963DB00E5AD14 /* UITextView+WT_Event.h */,
				B008B5C71D5963DB00E5AD14 /* UITextView+WT_Event.m */,
			);
			path = extension;
			sourceTree = "<group>";
		};
		B008B6081D5965C100E5AD14 /* dom-chain */ = {
			isa = PBXGroup;
			children = (
				B008B6091D5965C100E5AD14 /* extension */,
				B008B60C1D5965C100E5AD14 /* WT_Chain.h */,
				B008B60E1D59662C00E5AD14 /* WT_Chain.m */,
			);
			path = "dom-chain";
			sourceTree = "<group>";
		};
		B008B6091D5965C100E5AD14 /* extension */ = {
			isa = PBXGroup;
			children = (
				B008B60A1D5965C100E5AD14 /* UIView+WT_Chain.h */,
				B008B60B1D5965C100E5AD14 /* UIView+WT_Chain.m */,
			);
			path = extension;
			sourceTree = "<group>";
		};
		B008B6111D596B7000E5AD14 /* common */ = {
			isa = PBXGroup;
			children = (
				B008B6121D596B7000E5AD14 /* extension */,
				B008B6171D596B7000E5AD14 /* WT_Common.h */,
			);
			path = common;
			sourceTree = "<group>";
		};
		B008B6121D596B7000E5AD14 /* extension */ = {
			isa = PBXGroup;
			children = (
				B008B6131D596B7000E5AD14 /* NSObject+WT_UIPropertyMapping.h */,
				B008B6141D596B7000E5AD14 /* NSObject+WT_UIPropertyMapping.m */,
				B008B6151D596B7000E5AD14 /* UIView+WT_Extension.h */,
				B008B6161D596B7000E5AD14 /* UIView+WT_Extension.m */,
				B008B61A1D596BB600E5AD14 /* UIColor+WT_Extension.h */,
				B008B61B1D596BB600E5AD14 /* UIColor+WT_Extension.m */,
				B008B61C1D596BB600E5AD14 /* UIImage+WT_Extension.h */,
				B008B61D1D596BB600E5AD14 /* UIImage+WT_Extension.m */,
			);
			path = extension;
			sourceTree = "<group>";
		};
/* End PBXGroup section */

/* Begin PBXNativeTarget section */
		B008B4231D59634500E5AD14 /* WTFramework */ = {
			isa = PBXNativeTarget;
			buildConfigurationList = B008B43B1D59634600E5AD14 /* Build configuration list for PBXNativeTarget "WTFramework" */;
			buildPhases = (
				B008B4201D59634500E5AD14 /* Sources */,
				B008B4211D59634500E5AD14 /* Frameworks */,
				B008B4221D59634500E5AD14 /* Resources */,
			);
			buildRules = (
			);
			dependencies = (
			);
			name = WTFramework;
			productName = WTFramework;
			productReference = B008B4241D59634500E5AD14 /* WTFramework.app */;
			productType = "com.apple.product-type.application";
		};
/* End PBXNativeTarget section */

/* Begin PBXProject section */
		B008B41C1D59634500E5AD14 /* Project object */ = {
			isa = PBXProject;
			attributes = {
				LastUpgradeCheck = 0730;
				ORGANIZATIONNAME = William.Tse;
				TargetAttributes = {
					B008B4231D59634500E5AD14 = {
						CreatedOnToolsVersion = 7.3.1;
					};
				};
			};
			buildConfigurationList = B008B41F1D59634500E5AD14 /* Build configuration list for PBXProject "WTFramework" */;
			compatibilityVersion = "Xcode 3.2";
			developmentRegion = English;
			hasScannedForEncodings = 0;
			knownRegions = (
				en,
				Base,
			);
			mainGroup = B008B41B1D59634500E5AD14;
			productRefGroup = B008B4251D59634500E5AD14 /* Products */;
			projectDirPath = "";
			projectRoot = "";
			targets = (
				B008B4231D59634500E5AD14 /* WTFramework */,
			);
		};
/* End PBXProject section */

/* Begin PBXResourcesBuildPhase section */
		B008B4221D59634500E5AD14 /* Resources */ = {
			isa = PBXResourcesBuildPhase;
			buildActionMask = 2147483647;
			files = (
				B008B4371D59634600E5AD14 /* LaunchScreen.storyboard in Resources */,
				B008B4341D59634600E5AD14 /* Assets.xcassets in Resources */,
				B008B4321D59634500E5AD14 /* Main.storyboard in Resources */,
			);
			runOnlyForDeploymentPostprocessing = 0;
		};
/* End PBXResourcesBuildPhase section */

/* Begin PBXSourcesBuildPhase section */
		B008B4201D59634500E5AD14 /* Sources */ = {
			isa = PBXSourcesBuildPhase;
			buildActionMask = 2147483647;
			files = (
				B008B5D71D5963DB00E5AD14 /* NSDate+WT_Extension.m in Sources */,
				B008B5DC1D5963DB00E5AD14 /* WT_ArrayList.m in Sources */,
				B008B6031D5963DB00E5AD14 /* WT_DataBinding.m in Sources */,
				B008B42F1D59634500E5AD14 /* ViewController.m in Sources */,
				B008B6021D5963DB00E5AD14 /* UIButton+WT_DataBinding.m in Sources */,
				B008B5F91D5963DB00E5AD14 /* MASLayoutConstraint.m in Sources */,
				B008B5F61D5963DB00E5AD14 /* MASCompositeConstraint.m in Sources */,
				B008B5DE1D5963DB00E5AD14 /* WT_Generic.m in Sources */,
				B008B61F1D596BB600E5AD14 /* UIImage+WT_Extension.m in Sources */,
				B008B6071D5963DB00E5AD14 /* WT_Signal.m in Sources */,
				B008B5F71D5963DB00E5AD14 /* MASConstraint.m in Sources */,
				B008B5FA1D5963DB00E5AD14 /* MASViewAttribute.m in Sources */,
				B008B5E41D5963DB00E5AD14 /* WT_Model.m in Sources */,
				B008B5E51D5963DB00E5AD14 /* NSObject+WT_Http.m in Sources */,
				B008B5F81D5963DB00E5AD14 /* MASConstraintMaker.m in Sources */,
				B008B60F1D59662C00E5AD14 /* WT_Chain.m in Sources */,
				B008B5F21D5963DB00E5AD14 /* FMDatabaseAdditions.m in Sources */,
				B008B5FB1D5963DB00E5AD14 /* MASViewConstraint.m in Sources */,
				B008B5E21D5963DB00E5AD14 /* WT_System.m in Sources */,
				B008B5E01D5963DB00E5AD14 /* WT_Property.m in Sources */,
				B008B5EE1D5963DB00E5AD14 /* AFURLRequestSerialization.m in Sources */,
				B008B6061D5963DB00E5AD14 /* UITextView+WT_Event.m in Sources */,
				B008B5CE1D5963DB00E5AD14 /* WT_FileCache.m in Sources */,
				B008B5DA1D5963DB00E5AD14 /* NSObject+WT_Extension.m in Sources */,
				B008B42C1D59634500E5AD14 /* AppDelegate.m in Sources */,
				B008B5EB1D5963DB00E5AD14 /* AFHTTPSessionManager.m in Sources */,
				B008B5D41D5963DB00E5AD14 /* WT_DatabaseQueue.m in Sources */,
				B008B5EC1D5963DB00E5AD14 /* AFNetworkReachabilityManager.m in Sources */,
				B008B5DF1D5963DB00E5AD14 /* WT_Notification.m in Sources */,
				B008B5D61D5963DB00E5AD14 /* NSData+WT_Extension.m in Sources */,
				B008B60D1D5965C100E5AD14 /* UIView+WT_Chain.m in Sources */,
				B008B6181D596B7000E5AD14 /* NSObject+WT_UIPropertyMapping.m in Sources */,
				B008B5FE1D5963DB00E5AD14 /* View+MASAdditions.m in Sources */,
				B008B5FC1D5963DB00E5AD14 /* NSArray+MASAdditions.m in Sources */,
				B008B5E61D5963DB00E5AD14 /* WT_Http.m in Sources */,
				B008B5F11D5963DB00E5AD14 /* FMDatabase.m in Sources */,
				B008B5F31D5963DB00E5AD14 /* FMDatabasePool.m in Sources */,
				B008B5D21D5963DB00E5AD14 /* WT_Model+WT_Database.m in Sources */,
				B008B5F01D5963DB00E5AD14 /* AFURLSessionManager.m in Sources */,
				B008B5D31D5963DB00E5AD14 /* WT_Database.m in Sources */,
				B008B4291D59634500E5AD14 /* main.m in Sources */,
				B008B5F51D5963DB00E5AD14 /* FMResultSet.m in Sources */,
				B008B61E1D596BB600E5AD14 /* UIColor+WT_Extension.m in Sources */,
				B008B5FD1D5963DB00E5AD14 /* NSLayoutConstraint+MASDebugAdditions.m in Sources */,
				B008B5EF1D5963DB00E5AD14 /* AFURLResponseSerialization.m in Sources */,
				B008B5D01D5963DB00E5AD14 /* WT_MemoryCache.m in Sources */,
				B008B5ED1D5963DB00E5AD14 /* AFSecurityPolicy.m in Sources */,
				B008B5D81D5963DB00E5AD14 /* NSDictionary+WT_Extension.m in Sources */,
				B008B6051D5963DB00E5AD14 /* UITextField+WT_Event.m in Sources */,
				B008B6041D5963DB00E5AD14 /* UIButton+WT_Event.m in Sources */,
				B008B5D51D5963DB00E5AD14 /* NSArray+WT_Extension.m in Sources */,
				B008B5DD1D5963DB00E5AD14 /* WT_FileSystem.m in Sources */,
				B008B5E11D5963DB00E5AD14 /* WT_Runtime.m in Sources */,
				B008B5DB1D5963DB00E5AD14 /* NSString+WT_Extension.m in Sources */,
				B008B5D91D5963DB00E5AD14 /* NSList+WT_Extension.m in Sources */,
				B008B5F41D5963DB00E5AD14 /* FMDatabaseQueue.m in Sources */,
				B008B6011D5963DB00E5AD14 /* WT_UIBoard.m in Sources */,
				B008B6191D596B7000E5AD14 /* UIView+WT_Extension.m in Sources */,
			);
			runOnlyForDeploymentPostprocessing = 0;
		};
/* End PBXSourcesBuildPhase section */

/* Begin PBXVariantGroup section */
		B008B4301D59634500E5AD14 /* Main.storyboard */ = {
			isa = PBXVariantGroup;
			children = (
				B008B4311D59634500E5AD14 /* Base */,
			);
			name = Main.storyboard;
			sourceTree = "<group>";
		};
		B008B4351D59634600E5AD14 /* LaunchScreen.storyboard */ = {
			isa = PBXVariantGroup;
			children = (
				B008B4361D59634600E5AD14 /* Base */,
			);
			name = LaunchScreen.storyboard;
			sourceTree = "<group>";
		};
/* End PBXVariantGroup section */

/* Begin XCBuildConfiguration section */
		B008B4391D59634600E5AD14 /* Debug */ = {
			isa = XCBuildConfiguration;
			buildSettings = {
				ALWAYS_SEARCH_USER_PATHS = NO;
				CLANG_ANALYZER_NONNULL = YES;
				CLANG_CXX_LANGUAGE_STANDARD = "gnu++0x";
				CLANG_CXX_LIBRARY = "libc++";
				CLANG_ENABLE_MODULES = YES;
				CLANG_ENABLE_OBJC_ARC = YES;
				CLANG_WARN_BOOL_CONVERSION = YES;
				CLANG_WARN_CONSTANT_CONVERSION = YES;
				CLANG_WARN_DIRECT_OBJC_ISA_USAGE = YES_ERROR;
				CLANG_WARN_EMPTY_BODY = YES;
				CLANG_WARN_ENUM_CONVERSION = YES;
				CLANG_WARN_INT_CONVERSION = YES;
				CLANG_WARN_OBJC_ROOT_CLASS = YES_ERROR;
				CLANG_WARN_UNREACHABLE_CODE = YES;
				CLANG_WARN__DUPLICATE_METHOD_MATCH = YES;
				"CODE_SIGN_IDENTITY[sdk=iphoneos*]" = "iPhone Developer";
				COPY_PHASE_STRIP = NO;
				DEBUG_INFORMATION_FORMAT = dwarf;
				ENABLE_STRICT_OBJC_MSGSEND = YES;
				ENABLE_TESTABILITY = YES;
				GCC_C_LANGUAGE_STANDARD = gnu99;
				GCC_DYNAMIC_NO_PIC = NO;
				GCC_NO_COMMON_BLOCKS = YES;
				GCC_OPTIMIZATION_LEVEL = 0;
				GCC_PREPROCESSOR_DEFINITIONS = (
					"DEBUG=1",
					"$(inherited)",
				);
				GCC_WARN_64_TO_32_BIT_CONVERSION = YES;
				GCC_WARN_ABOUT_RETURN_TYPE = YES_ERROR;
				GCC_WARN_UNDECLARED_SELECTOR = YES;
				GCC_WARN_UNINITIALIZED_AUTOS = YES_AGGRESSIVE;
				GCC_WARN_UNUSED_FUNCTION = YES;
				GCC_WARN_UNUSED_VARIABLE = YES;
				IPHONEOS_DEPLOYMENT_TARGET = 9.3;
				MTL_ENABLE_DEBUG_INFO = YES;
				ONLY_ACTIVE_ARCH = YES;
				SDKROOT = iphoneos;
			};
			name = Debug;
		};
		B008B43A1D59634600E5AD14 /* Release */ = {
			isa = XCBuildConfiguration;
			buildSettings = {
				ALWAYS_SEARCH_USER_PATHS = NO;
				CLANG_ANALYZER_NONNULL = YES;
				CLANG_CXX_LANGUAGE_STANDARD = "gnu++0x";
				CLANG_CXX_LIBRARY = "libc++";
				CLANG_ENABLE_MODULES = YES;
				CLANG_ENABLE_OBJC_ARC = YES;
				CLANG_WARN_BOOL_CONVERSION = YES;
				CLANG_WARN_CONSTANT_CONVERSION = YES;
				CLANG_WARN_DIRECT_OBJC_ISA_USAGE = YES_ERROR;
				CLANG_WARN_EMPTY_BODY = YES;
				CLANG_WARN_ENUM_CONVERSION = YES;
				CLANG_WARN_INT_CONVERSION = YES;
				CLANG_WARN_OBJC_ROOT_CLASS = YES_ERROR;
				CLANG_WARN_UNREACHABLE_CODE = YES;
				CLANG_WARN__DUPLICATE_METHOD_MATCH = YES;
				"CODE_SIGN_IDENTITY[sdk=iphoneos*]" = "iPhone Developer";
				COPY_PHASE_STRIP = NO;
				DEBUG_INFORMATION_FORMAT = "dwarf-with-dsym";
				ENABLE_NS_ASSERTIONS = NO;
				ENABLE_STRICT_OBJC_MSGSEND = YES;
				GCC_C_LANGUAGE_STANDARD = gnu99;
				GCC_NO_COMMON_BLOCKS = YES;
				GCC_WARN_64_TO_32_BIT_CONVERSION = YES;
				GCC_WARN_ABOUT_RETURN_TYPE = YES_ERROR;
				GCC_WARN_UNDECLARED_SELECTOR = YES;
				GCC_WARN_UNINITIALIZED_AUTOS = YES_AGGRESSIVE;
				GCC_WARN_UNUSED_FUNCTION = YES;
				GCC_WARN_UNUSED_VARIABLE = YES;
				IPHONEOS_DEPLOYMENT_TARGET = 9.3;
				MTL_ENABLE_DEBUG_INFO = NO;
				SDKROOT = iphoneos;
				VALIDATE_PRODUCT = YES;
			};
			name = Release;
		};
		B008B43C1D59634600E5AD14 /* Debug */ = {
			isa = XCBuildConfiguration;
			buildSettings = {
				ASSETCATALOG_COMPILER_APPICON_NAME = AppIcon;
				INFOPLIST_FILE = WTFramework/Info.plist;
				IPHONEOS_DEPLOYMENT_TARGET = 7.0;
				LD_RUNPATH_SEARCH_PATHS = "$(inherited) @executable_path/Frameworks";
				OTHER_LDFLAGS = "-ObjC";
				PRODUCT_BUNDLE_IDENTIFIER = "com.william-tse.WTFramework";
				PRODUCT_NAME = "$(TARGET_NAME)";
			};
			name = Debug;
		};
		B008B43D1D59634600E5AD14 /* Release */ = {
			isa = XCBuildConfiguration;
			buildSettings = {
				ASSETCATALOG_COMPILER_APPICON_NAME = AppIcon;
				INFOPLIST_FILE = WTFramework/Info.plist;
				IPHONEOS_DEPLOYMENT_TARGET = 7.0;
				LD_RUNPATH_SEARCH_PATHS = "$(inherited) @executable_path/Frameworks";
				OTHER_LDFLAGS = "-ObjC";
				PRODUCT_BUNDLE_IDENTIFIER = "com.william-tse.WTFramework";
				PRODUCT_NAME = "$(TARGET_NAME)";
			};
			name = Release;
		};
/* End XCBuildConfiguration section */

/* Begin XCConfigurationList section */
		B008B41F1D59634500E5AD14 /* Build configuration list for PBXProject "WTFramework" */ = {
			isa = XCConfigurationList;
			buildConfigurations = (
				B008B4391D59634600E5AD14 /* Debug */,
				B008B43A1D59634600E5AD14 /* Release */,
			);
			defaultConfigurationIsVisible = 0;
			defaultConfigurationName = Release;
		};
		B008B43B1D59634600E5AD14 /* Build configuration list for PBXNativeTarget "WTFramework" */ = {
			isa = XCConfigurationList;
			buildConfigurations = (
				B008B43C1D59634600E5AD14 /* Debug */,
				B008B43D1D59634600E5AD14 /* Release */,
			);
			defaultConfigurationIsVisible = 0;
			defaultConfigurationName = Release;
		};
/* End XCConfigurationList section */
	};
	rootObject = B008B41C1D59634500E5AD14 /* Project object */;
}
